
Microsoft Visual Studio Solution File, Format Version 12.00
# Visual Studio 15
VisualStudioVersion = 15.0.27703.2042
MinimumVisualStudioVersion = 10.0.40219.1
Project("{2150E333-8FDC-42A3-9474-1A3956D46DE8}") = "Item 01 - Ciclo de Vida de Objetos", "Item 01 - Ciclo de Vida de Objetos", "{6113BDE6-1CA5-406D-B452-9110A7F7CC0A}"
EndProject
Project("{2150E333-8FDC-42A3-9474-1A3956D46DE8}") = "antes", "antes", "{118AC820-4A11-4718-B1E3-EAA0603150A5}"
EndProject
Project("{2150E333-8FDC-42A3-9474-1A3956D46DE8}") = "depois", "depois", "{BC45B3B4-C2AD-4374-B300-3790C3F960DF}"
EndProject
Project("{9A19103F-16F7-4668-BE54-9A1E7A4F7556}") = "01.1.TiposDeValor_antes", "Item 01\antes\01.1.TiposDeValor\01.1.TiposDeValor_antes.csproj", "{99C47D9B-E913-4466-93C5-5726E481CA0F}"
EndProject
Project("{9A19103F-16F7-4668-BE54-9A1E7A4F7556}") = "01.2.TiposDeReferencia_antes", "Item 01\antes\01.2.Coleta\01.2.TiposDeReferencia_antes.csproj", "{B4758A02-3F53-41E0-9F86-052E58BE4604}"
EndProject
Project("{9A19103F-16F7-4668-BE54-9A1E7A4F7556}") = "01.1.TiposDeValor", "Item 01\depois\01.1.TiposDeValor\01.1.TiposDeValor.csproj", "{6A90C733-1380-48F1-B5DA-55C3EC4CCE95}"
EndProject
Project("{9A19103F-16F7-4668-BE54-9A1E7A4F7556}") = "01.2.TiposDeReferencia", "Item 01\depois\01.2.Coleta\01.2.TiposDeReferencia.csproj", "{B899D6AC-1D4D-4397-9798-E36401B1636D}"
EndProject
Project("{9A19103F-16F7-4668-BE54-9A1E7A4F7556}") = "01.3.Finalizador_antes", "Item 01\antes\01.3.Finalizador\01.3.Finalizador_antes.csproj", "{6FA666A5-4F72-41B1-88A2-646FBE586B4C}"
EndProject
Project("{9A19103F-16F7-4668-BE54-9A1E7A4F7556}") = "01.3.Finalizador", "Item 01\depois\01.3.Finalizador\01.3.Finalizador.csproj", "{3222F903-AA08-4E33-9399-A748202B7A7A}"
EndProject
Project("{FAE04EC0-301F-11D3-BF4B-00C04F79EFBC}") = "01.4.IDisposable_antes", "Item 01\antes\01.4.IDisposable\01.4.IDisposable_antes.csproj", "{CF5CA9CD-6720-4741-8800-460DEBF5A6DF}"
EndProject
Project("{FAE04EC0-301F-11D3-BF4B-00C04F79EFBC}") = "01.4.IDisposable", "Item 01\depois\01.4.IDisposable\01.4.IDisposable.csproj", "{4E2BA9C2-9ECD-46F3-981D-82B405A9BF87}"
EndProject
Project("{2150E333-8FDC-42A3-9474-1A3956D46DE8}") = "Item 02 - Strings", "Item 02 - Strings", "{44248135-6DC1-42F6-9AB0-A23C702F46F1}"
EndProject
Project("{2150E333-8FDC-42A3-9474-1A3956D46DE8}") = "antes", "antes", "{B4F62BE2-8A0F-47DE-B130-D7F169B28ECE}"
EndProject
Project("{2150E333-8FDC-42A3-9474-1A3956D46DE8}") = "depois", "depois", "{042D9742-0E3A-4350-B368-8DD54B297D40}"
EndProject
Project("{9A19103F-16F7-4668-BE54-9A1E7A4F7556}") = "02.1.string builder_antes", "Item 02\antes\02.1.string builder\02.1.string builder_antes.csproj", "{25577BA5-7C49-4F9D-BC4E-9D2AE374662E}"
EndProject
Project("{9A19103F-16F7-4668-BE54-9A1E7A4F7556}") = "02.1.string builder", "Item 02\depois\02.1.string builder\02.1.string builder.csproj", "{CE3D0412-174C-4602-BCC9-D43BF9E7504E}"
EndProject
Project("{9A19103F-16F7-4668-BE54-9A1E7A4F7556}") = "02.2.string reader_antes", "Item 02\antes\02.2.string reader\02.2.string reader_antes.csproj", "{77907C34-7E33-4D79-966F-3712DB2F01E5}"
EndProject
Project("{9A19103F-16F7-4668-BE54-9A1E7A4F7556}") = "02.2.string reader", "Item 02\depois\02.2.string reader\02.2.string reader.csproj", "{B92FC96C-EB08-4C66-B222-4EF584A8CD6C}"
EndProject
Project("{9A19103F-16F7-4668-BE54-9A1E7A4F7556}") = "02.3.string writer_antes", "Item 02\antes\02.3.string writer\02.3.string writer_antes.csproj", "{8BCE8257-25C6-40BB-8618-01F23D1DD293}"
EndProject
Project("{9A19103F-16F7-4668-BE54-9A1E7A4F7556}") = "02.3.string writer", "Item 02\depois\02.3.string writer\02.3.string writer.csproj", "{9C37CD3A-9942-4BE3-A0BD-D739ABE903E7}"
EndProject
Project("{FAE04EC0-301F-11D3-BF4B-00C04F79EFBC}") = "02.4.pesquisa", "Item 02\depois\02.4.pesquisa\02.4.pesquisa.csproj", "{35CE5FAF-43BB-4F46-B49C-0378C69D00F3}"
EndProject
Project("{9A19103F-16F7-4668-BE54-9A1E7A4F7556}") = "02.5.enumerar", "Item 02\depois\02.5.enumerar\02.5.enumerar.csproj", "{019F0651-5C11-480D-AB99-5411C602B009}"
EndProject
Project("{FAE04EC0-301F-11D3-BF4B-00C04F79EFBC}") = "02.4.pesquisa_antes", "Item 02\antes\02.4.pesquisa\02.4.pesquisa_antes.csproj", "{DB819D35-D2AA-4F2E-BA60-2FA4F220325E}"
EndProject
Project("{9A19103F-16F7-4668-BE54-9A1E7A4F7556}") = "02.5.enumerar_antes", "Item 02\antes\02.5.enumerar\02.5.enumerar_antes.csproj", "{6661D015-B921-4EB8-AB59-F49586E99CDB}"
EndProject
Project("{9A19103F-16F7-4668-BE54-9A1E7A4F7556}") = "02.6 formatar_antes", "Item 02\antes\02.6 formatar\02.6 formatar_antes.csproj", "{C0DF594E-EBA6-4363-9306-9AD6E5B4B82F}"
EndProject
Project("{9A19103F-16F7-4668-BE54-9A1E7A4F7556}") = "02.6 formatar", "Item 02\depois\02.6 formatar\02.6 formatar.csproj", "{CCFD1EB0-C2CF-430D-93DB-039DF002D03E}"
EndProject
Project("{9A19103F-16F7-4668-BE54-9A1E7A4F7556}") = "02.7 interpolacao_antes", "Item 02\antes\02.7 interpolacao\02.7 interpolacao_antes.csproj", "{30BDD527-4619-45A2-9036-467960C91AF4}"
EndProject
Project("{9A19103F-16F7-4668-BE54-9A1E7A4F7556}") = "02.7 interpolacao", "Item 02\depois\02.7 interpolacao\02.7 interpolacao.csproj", "{70B2DDA8-A84F-4373-BA73-D71079B794CD}"
EndProject
Global
	GlobalSection(SolutionConfigurationPlatforms) = preSolution
		Debug|Any CPU = Debug|Any CPU
		Release|Any CPU = Release|Any CPU
	EndGlobalSection
	GlobalSection(ProjectConfigurationPlatforms) = postSolution
		{99C47D9B-E913-4466-93C5-5726E481CA0F}.Debug|Any CPU.ActiveCfg = Debug|Any CPU
		{99C47D9B-E913-4466-93C5-5726E481CA0F}.Debug|Any CPU.Build.0 = Debug|Any CPU
		{99C47D9B-E913-4466-93C5-5726E481CA0F}.Release|Any CPU.ActiveCfg = Release|Any CPU
		{99C47D9B-E913-4466-93C5-5726E481CA0F}.Release|Any CPU.Build.0 = Release|Any CPU
		{B4758A02-3F53-41E0-9F86-052E58BE4604}.Debug|Any CPU.ActiveCfg = Debug|Any CPU
		{B4758A02-3F53-41E0-9F86-052E58BE4604}.Debug|Any CPU.Build.0 = Debug|Any CPU
		{B4758A02-3F53-41E0-9F86-052E58BE4604}.Release|Any CPU.ActiveCfg = Release|Any CPU
		{B4758A02-3F53-41E0-9F86-052E58BE4604}.Release|Any CPU.Build.0 = Release|Any CPU
		{6A90C733-1380-48F1-B5DA-55C3EC4CCE95}.Debug|Any CPU.ActiveCfg = Debug|Any CPU
		{6A90C733-1380-48F1-B5DA-55C3EC4CCE95}.Debug|Any CPU.Build.0 = Debug|Any CPU
		{6A90C733-1380-48F1-B5DA-55C3EC4CCE95}.Release|Any CPU.ActiveCfg = Release|Any CPU
		{6A90C733-1380-48F1-B5DA-55C3EC4CCE95}.Release|Any CPU.Build.0 = Release|Any CPU
		{B899D6AC-1D4D-4397-9798-E36401B1636D}.Debug|Any CPU.ActiveCfg = Debug|Any CPU
		{B899D6AC-1D4D-4397-9798-E36401B1636D}.Debug|Any CPU.Build.0 = Debug|Any CPU
		{B899D6AC-1D4D-4397-9798-E36401B1636D}.Release|Any CPU.ActiveCfg = Release|Any CPU
		{B899D6AC-1D4D-4397-9798-E36401B1636D}.Release|Any CPU.Build.0 = Release|Any CPU
		{6FA666A5-4F72-41B1-88A2-646FBE586B4C}.Debug|Any CPU.ActiveCfg = Debug|Any CPU
		{6FA666A5-4F72-41B1-88A2-646FBE586B4C}.Debug|Any CPU.Build.0 = Debug|Any CPU
		{6FA666A5-4F72-41B1-88A2-646FBE586B4C}.Release|Any CPU.ActiveCfg = Release|Any CPU
		{6FA666A5-4F72-41B1-88A2-646FBE586B4C}.Release|Any CPU.Build.0 = Release|Any CPU
		{3222F903-AA08-4E33-9399-A748202B7A7A}.Debug|Any CPU.ActiveCfg = Debug|Any CPU
		{3222F903-AA08-4E33-9399-A748202B7A7A}.Debug|Any CPU.Build.0 = Debug|Any CPU
		{3222F903-AA08-4E33-9399-A748202B7A7A}.Release|Any CPU.ActiveCfg = Release|Any CPU
		{3222F903-AA08-4E33-9399-A748202B7A7A}.Release|Any CPU.Build.0 = Release|Any CPU
		{CF5CA9CD-6720-4741-8800-460DEBF5A6DF}.Debug|Any CPU.ActiveCfg = Debug|Any CPU
		{CF5CA9CD-6720-4741-8800-460DEBF5A6DF}.Debug|Any CPU.Build.0 = Debug|Any CPU
		{CF5CA9CD-6720-4741-8800-460DEBF5A6DF}.Release|Any CPU.ActiveCfg = Release|Any CPU
		{CF5CA9CD-6720-4741-8800-460DEBF5A6DF}.Release|Any CPU.Build.0 = Release|Any CPU
		{4E2BA9C2-9ECD-46F3-981D-82B405A9BF87}.Debug|Any CPU.ActiveCfg = Debug|Any CPU
		{4E2BA9C2-9ECD-46F3-981D-82B405A9BF87}.Debug|Any CPU.Build.0 = Debug|Any CPU
		{4E2BA9C2-9ECD-46F3-981D-82B405A9BF87}.Release|Any CPU.ActiveCfg = Release|Any CPU
		{4E2BA9C2-9ECD-46F3-981D-82B405A9BF87}.Release|Any CPU.Build.0 = Release|Any CPU
		{25577BA5-7C49-4F9D-BC4E-9D2AE374662E}.Debug|Any CPU.ActiveCfg = Debug|Any CPU
		{25577BA5-7C49-4F9D-BC4E-9D2AE374662E}.Debug|Any CPU.Build.0 = Debug|Any CPU
		{25577BA5-7C49-4F9D-BC4E-9D2AE374662E}.Release|Any CPU.ActiveCfg = Release|Any CPU
		{25577BA5-7C49-4F9D-BC4E-9D2AE374662E}.Release|Any CPU.Build.0 = Release|Any CPU
		{CE3D0412-174C-4602-BCC9-D43BF9E7504E}.Debug|Any CPU.ActiveCfg = Debug|Any CPU
		{CE3D0412-174C-4602-BCC9-D43BF9E7504E}.Debug|Any CPU.Build.0 = Debug|Any CPU
		{CE3D0412-174C-4602-BCC9-D43BF9E7504E}.Release|Any CPU.ActiveCfg = Release|Any CPU
		{CE3D0412-174C-4602-BCC9-D43BF9E7504E}.Release|Any CPU.Build.0 = Release|Any CPU
		{77907C34-7E33-4D79-966F-3712DB2F01E5}.Debug|Any CPU.ActiveCfg = Debug|Any CPU
		{77907C34-7E33-4D79-966F-3712DB2F01E5}.Debug|Any CPU.Build.0 = Debug|Any CPU
		{77907C34-7E33-4D79-966F-3712DB2F01E5}.Release|Any CPU.ActiveCfg = Release|Any CPU
		{77907C34-7E33-4D79-966F-3712DB2F01E5}.Release|Any CPU.Build.0 = Release|Any CPU
		{B92FC96C-EB08-4C66-B222-4EF584A8CD6C}.Debug|Any CPU.ActiveCfg = Debug|Any CPU
		{B92FC96C-EB08-4C66-B222-4EF584A8CD6C}.Debug|Any CPU.Build.0 = Debug|Any CPU
		{B92FC96C-EB08-4C66-B222-4EF584A8CD6C}.Release|Any CPU.ActiveCfg = Release|Any CPU
		{B92FC96C-EB08-4C66-B222-4EF584A8CD6C}.Release|Any CPU.Build.0 = Release|Any CPU
		{8BCE8257-25C6-40BB-8618-01F23D1DD293}.Debug|Any CPU.ActiveCfg = Debug|Any CPU
		{8BCE8257-25C6-40BB-8618-01F23D1DD293}.Debug|Any CPU.Build.0 = Debug|Any CPU
		{8BCE8257-25C6-40BB-8618-01F23D1DD293}.Release|Any CPU.ActiveCfg = Release|Any CPU
		{8BCE8257-25C6-40BB-8618-01F23D1DD293}.Release|Any CPU.Build.0 = Release|Any CPU
		{9C37CD3A-9942-4BE3-A0BD-D739ABE903E7}.Debug|Any CPU.ActiveCfg = Debug|Any CPU
		{9C37CD3A-9942-4BE3-A0BD-D739ABE903E7}.Debug|Any CPU.Build.0 = Debug|Any CPU
		{9C37CD3A-9942-4BE3-A0BD-D739ABE903E7}.Release|Any CPU.ActiveCfg = Release|Any CPU
		{9C37CD3A-9942-4BE3-A0BD-D739ABE903E7}.Release|Any CPU.Build.0 = Release|Any CPU
		{35CE5FAF-43BB-4F46-B49C-0378C69D00F3}.Debug|Any CPU.ActiveCfg = Debug|Any CPU
		{35CE5FAF-43BB-4F46-B49C-0378C69D00F3}.Debug|Any CPU.Build.0 = Debug|Any CPU
		{35CE5FAF-43BB-4F46-B49C-0378C69D00F3}.Release|Any CPU.ActiveCfg = Release|Any CPU
		{35CE5FAF-43BB-4F46-B49C-0378C69D00F3}.Release|Any CPU.Build.0 = Release|Any CPU
		{019F0651-5C11-480D-AB99-5411C602B009}.Debug|Any CPU.ActiveCfg = Debug|Any CPU
		{019F0651-5C11-480D-AB99-5411C602B009}.Debug|Any CPU.Build.0 = Debug|Any CPU
		{019F0651-5C11-480D-AB99-5411C602B009}.Release|Any CPU.ActiveCfg = Release|Any CPU
		{019F0651-5C11-480D-AB99-5411C602B009}.Release|Any CPU.Build.0 = Release|Any CPU
		{DB819D35-D2AA-4F2E-BA60-2FA4F220325E}.Debug|Any CPU.ActiveCfg = Debug|Any CPU
		{DB819D35-D2AA-4F2E-BA60-2FA4F220325E}.Debug|Any CPU.Build.0 = Debug|Any CPU
		{DB819D35-D2AA-4F2E-BA60-2FA4F220325E}.Release|Any CPU.ActiveCfg = Release|Any CPU
		{DB819D35-D2AA-4F2E-BA60-2FA4F220325E}.Release|Any CPU.Build.0 = Release|Any CPU
		{6661D015-B921-4EB8-AB59-F49586E99CDB}.Debug|Any CPU.ActiveCfg = Debug|Any CPU
		{6661D015-B921-4EB8-AB59-F49586E99CDB}.Debug|Any CPU.Build.0 = Debug|Any CPU
		{6661D015-B921-4EB8-AB59-F49586E99CDB}.Release|Any CPU.ActiveCfg = Release|Any CPU
		{6661D015-B921-4EB8-AB59-F49586E99CDB}.Release|Any CPU.Build.0 = Release|Any CPU
		{C0DF594E-EBA6-4363-9306-9AD6E5B4B82F}.Debug|Any CPU.ActiveCfg = Debug|Any CPU
		{C0DF594E-EBA6-4363-9306-9AD6E5B4B82F}.Debug|Any CPU.Build.0 = Debug|Any CPU
		{C0DF594E-EBA6-4363-9306-9AD6E5B4B82F}.Release|Any CPU.ActiveCfg = Release|Any CPU
		{C0DF594E-EBA6-4363-9306-9AD6E5B4B82F}.Release|Any CPU.Build.0 = Release|Any CPU
		{CCFD1EB0-C2CF-430D-93DB-039DF002D03E}.Debug|Any CPU.ActiveCfg = Debug|Any CPU
		{CCFD1EB0-C2CF-430D-93DB-039DF002D03E}.Debug|Any CPU.Build.0 = Debug|Any CPU
		{CCFD1EB0-C2CF-430D-93DB-039DF002D03E}.Release|Any CPU.ActiveCfg = Release|Any CPU
		{CCFD1EB0-C2CF-430D-93DB-039DF002D03E}.Release|Any CPU.Build.0 = Release|Any CPU
		{30BDD527-4619-45A2-9036-467960C91AF4}.Debug|Any CPU.ActiveCfg = Debug|Any CPU
		{30BDD527-4619-45A2-9036-467960C91AF4}.Debug|Any CPU.Build.0 = Debug|Any CPU
		{30BDD527-4619-45A2-9036-467960C91AF4}.Release|Any CPU.ActiveCfg = Release|Any CPU
		{30BDD527-4619-45A2-9036-467960C91AF4}.Release|Any CPU.Build.0 = Release|Any CPU
		{70B2DDA8-A84F-4373-BA73-D71079B794CD}.Debug|Any CPU.ActiveCfg = Debug|Any CPU
		{70B2DDA8-A84F-4373-BA73-D71079B794CD}.Debug|Any CPU.Build.0 = Debug|Any CPU
		{70B2DDA8-A84F-4373-BA73-D71079B794CD}.Release|Any CPU.ActiveCfg = Release|Any CPU
		{70B2DDA8-A84F-4373-BA73-D71079B794CD}.Release|Any CPU.Build.0 = Release|Any CPU
	EndGlobalSection
	GlobalSection(SolutionProperties) = preSolution
		HideSolutionNode = FALSE
	EndGlobalSection
	GlobalSection(NestedProjects) = preSolution
		{118AC820-4A11-4718-B1E3-EAA0603150A5} = {6113BDE6-1CA5-406D-B452-9110A7F7CC0A}
		{BC45B3B4-C2AD-4374-B300-3790C3F960DF} = {6113BDE6-1CA5-406D-B452-9110A7F7CC0A}
		{99C47D9B-E913-4466-93C5-5726E481CA0F} = {118AC820-4A11-4718-B1E3-EAA0603150A5}
		{B4758A02-3F53-41E0-9F86-052E58BE4604} = {118AC820-4A11-4718-B1E3-EAA0603150A5}
		{6A90C733-1380-48F1-B5DA-55C3EC4CCE95} = {BC45B3B4-C2AD-4374-B300-3790C3F960DF}
		{B899D6AC-1D4D-4397-9798-E36401B1636D} = {BC45B3B4-C2AD-4374-B300-3790C3F960DF}
		{6FA666A5-4F72-41B1-88A2-646FBE586B4C} = {118AC820-4A11-4718-B1E3-EAA0603150A5}
		{3222F903-AA08-4E33-9399-A748202B7A7A} = {BC45B3B4-C2AD-4374-B300-3790C3F960DF}
		{CF5CA9CD-6720-4741-8800-460DEBF5A6DF} = {118AC820-4A11-4718-B1E3-EAA0603150A5}
		{4E2BA9C2-9ECD-46F3-981D-82B405A9BF87} = {BC45B3B4-C2AD-4374-B300-3790C3F960DF}
		{B4F62BE2-8A0F-47DE-B130-D7F169B28ECE} = {44248135-6DC1-42F6-9AB0-A23C702F46F1}
		{042D9742-0E3A-4350-B368-8DD54B297D40} = {44248135-6DC1-42F6-9AB0-A23C702F46F1}
		{25577BA5-7C49-4F9D-BC4E-9D2AE374662E} = {B4F62BE2-8A0F-47DE-B130-D7F169B28ECE}
		{CE3D0412-174C-4602-BCC9-D43BF9E7504E} = {042D9742-0E3A-4350-B368-8DD54B297D40}
		{77907C34-7E33-4D79-966F-3712DB2F01E5} = {B4F62BE2-8A0F-47DE-B130-D7F169B28ECE}
		{B92FC96C-EB08-4C66-B222-4EF584A8CD6C} = {042D9742-0E3A-4350-B368-8DD54B297D40}
		{8BCE8257-25C6-40BB-8618-01F23D1DD293} = {B4F62BE2-8A0F-47DE-B130-D7F169B28ECE}
		{9C37CD3A-9942-4BE3-A0BD-D739ABE903E7} = {042D9742-0E3A-4350-B368-8DD54B297D40}
		{35CE5FAF-43BB-4F46-B49C-0378C69D00F3} = {042D9742-0E3A-4350-B368-8DD54B297D40}
		{019F0651-5C11-480D-AB99-5411C602B009} = {042D9742-0E3A-4350-B368-8DD54B297D40}
		{DB819D35-D2AA-4F2E-BA60-2FA4F220325E} = {B4F62BE2-8A0F-47DE-B130-D7F169B28ECE}
		{6661D015-B921-4EB8-AB59-F49586E99CDB} = {B4F62BE2-8A0F-47DE-B130-D7F169B28ECE}
		{C0DF594E-EBA6-4363-9306-9AD6E5B4B82F} = {B4F62BE2-8A0F-47DE-B130-D7F169B28ECE}
		{CCFD1EB0-C2CF-430D-93DB-039DF002D03E} = {042D9742-0E3A-4350-B368-8DD54B297D40}
		{30BDD527-4619-45A2-9036-467960C91AF4} = {B4F62BE2-8A0F-47DE-B130-D7F169B28ECE}
		{70B2DDA8-A84F-4373-BA73-D71079B794CD} = {042D9742-0E3A-4350-B368-8DD54B297D40}
	EndGlobalSection
	GlobalSection(ExtensibilityGlobals) = postSolution
		SolutionGuid = {8B21CBF6-2744-44CD-BB30-F7A0E1ABC766}
	EndGlobalSection
EndGlobal
